{
    "_meta": {
        "hash": {
            "sha256": "8781632b357e65c0f4ba0823cbf44c52c9b4fa420f11bec45cf287f5adaafc9c"
        },
        "pipfile-spec": 6,
        "requires": {
            "python_version": "3.8"
        },
        "sources": [
            {
                "name": "pypi",
                "url": "https://pypi.org/simple",
                "verify_ssl": true
            }
        ]
    },
    "default": {
        "certifi": {
            "hashes": [
                "sha256:1a4995114262bffbc2413b159f2a1a480c969de6e6eb13ee966d470af86af59c",
                "sha256:719a74fb9e33b9bd44cc7f3a8d94bc35e4049deebe19ba7d8e108280cfd59830"
            ],
            "version": "==2020.12.5"
        },
        "cffi": {
            "hashes": [
                "sha256:005a36f41773e148deac64b08f233873a4d0c18b053d37da83f6af4d9087b813",
                "sha256:04c468b622ed31d408fea2346bec5bbffba2cc44226302a0de1ade9f5ea3d373",
                "sha256:06d7cd1abac2ffd92e65c0609661866709b4b2d82dd15f611e602b9b188b0b69",
                "sha256:06db6321b7a68b2bd6df96d08a5adadc1fa0e8f419226e25b2a5fbf6ccc7350f",
                "sha256:0857f0ae312d855239a55c81ef453ee8fd24136eaba8e87a2eceba644c0d4c06",
                "sha256:0f861a89e0043afec2a51fd177a567005847973be86f709bbb044d7f42fc4e05",
                "sha256:1071534bbbf8cbb31b498d5d9db0f274f2f7a865adca4ae429e147ba40f73dea",
                "sha256:158d0d15119b4b7ff6b926536763dc0714313aa59e320ddf787502c70c4d4bee",
                "sha256:1bf1ac1984eaa7675ca8d5745a8cb87ef7abecb5592178406e55858d411eadc0",
                "sha256:1f436816fc868b098b0d63b8920de7d208c90a67212546d02f84fe78a9c26396",
                "sha256:24a570cd11895b60829e941f2613a4f79df1a27344cbbb82164ef2e0116f09c7",
                "sha256:24ec4ff2c5c0c8f9c6b87d5bb53555bf267e1e6f70e52e5a9740d32861d36b6f",
                "sha256:2894f2df484ff56d717bead0a5c2abb6b9d2bf26d6960c4604d5c48bbc30ee73",
                "sha256:29314480e958fd8aab22e4a58b355b629c59bf5f2ac2492b61e3dc06d8c7a315",
                "sha256:293e7ea41280cb28c6fcaaa0b1aa1f533b8ce060b9e701d78511e1e6c4a1de76",
                "sha256:34eff4b97f3d982fb93e2831e6750127d1355a923ebaeeb565407b3d2f8d41a1",
                "sha256:35f27e6eb43380fa080dccf676dece30bef72e4a67617ffda586641cd4508d49",
                "sha256:3c3f39fa737542161d8b0d680df2ec249334cd70a8f420f71c9304bd83c3cbed",
                "sha256:3d3dd4c9e559eb172ecf00a2a7517e97d1e96de2a5e610bd9b68cea3925b4892",
                "sha256:43e0b9d9e2c9e5d152946b9c5fe062c151614b262fda2e7b201204de0b99e482",
                "sha256:48e1c69bbacfc3d932221851b39d49e81567a4d4aac3b21258d9c24578280058",
                "sha256:51182f8927c5af975fece87b1b369f722c570fe169f9880764b1ee3bca8347b5",
                "sha256:58e3f59d583d413809d60779492342801d6e82fefb89c86a38e040c16883be53",
                "sha256:5de7970188bb46b7bf9858eb6890aad302577a5f6f75091fd7cdd3ef13ef3045",
                "sha256:65fa59693c62cf06e45ddbb822165394a288edce9e276647f0046e1ec26920f3",
                "sha256:681d07b0d1e3c462dd15585ef5e33cb021321588bebd910124ef4f4fb71aef55",
                "sha256:69e395c24fc60aad6bb4fa7e583698ea6cc684648e1ffb7fe85e3c1ca131a7d5",
                "sha256:6c97d7350133666fbb5cf4abdc1178c812cb205dc6f41d174a7b0f18fb93337e",
                "sha256:6e4714cc64f474e4d6e37cfff31a814b509a35cb17de4fb1999907575684479c",
                "sha256:72d8d3ef52c208ee1c7b2e341f7d71c6fd3157138abf1a95166e6165dd5d4369",
                "sha256:8ae6299f6c68de06f136f1f9e69458eae58f1dacf10af5c17353eae03aa0d827",
                "sha256:8b198cec6c72df5289c05b05b8b0969819783f9418e0409865dac47288d2a053",
                "sha256:99cd03ae7988a93dd00bcd9d0b75e1f6c426063d6f03d2f90b89e29b25b82dfa",
                "sha256:9cf8022fb8d07a97c178b02327b284521c7708d7c71a9c9c355c178ac4bbd3d4",
                "sha256:9de2e279153a443c656f2defd67769e6d1e4163952b3c622dcea5b08a6405322",
                "sha256:9e93e79c2551ff263400e1e4be085a1210e12073a31c2011dbbda14bda0c6132",
                "sha256:9ff227395193126d82e60319a673a037d5de84633f11279e336f9c0f189ecc62",
                "sha256:a465da611f6fa124963b91bf432d960a555563efe4ed1cc403ba5077b15370aa",
                "sha256:ad17025d226ee5beec591b52800c11680fca3df50b8b29fe51d882576e039ee0",
                "sha256:afb29c1ba2e5a3736f1c301d9d0abe3ec8b86957d04ddfa9d7a6a42b9367e396",
                "sha256:b85eb46a81787c50650f2392b9b4ef23e1f126313b9e0e9013b35c15e4288e2e",
                "sha256:bb89f306e5da99f4d922728ddcd6f7fcebb3241fc40edebcb7284d7514741991",
                "sha256:cbde590d4faaa07c72bf979734738f328d239913ba3e043b1e98fe9a39f8b2b6",
                "sha256:cc5a8e069b9ebfa22e26d0e6b97d6f9781302fe7f4f2b8776c3e1daea35f1adc",
                "sha256:cd2868886d547469123fadc46eac7ea5253ea7fcb139f12e1dfc2bbd406427d1",
                "sha256:d42b11d692e11b6634f7613ad8df5d6d5f8875f5d48939520d351007b3c13406",
                "sha256:df5052c5d867c1ea0b311fb7c3cd28b19df469c056f7fdcfe88c7473aa63e333",
                "sha256:f2d45f97ab6bb54753eab54fffe75aaf3de4ff2341c9daee1987ee1837636f1d",
                "sha256:fd78e5fee591709f32ef6edb9a015b4aa1a5022598e36227500c8f4e02328d9c"
            ],
            "markers": "platform_python_implementation == 'CPython' and sys_platform == 'win32'",
            "version": "==1.14.5"
        },
        "chardet": {
            "hashes": [
                "sha256:84ab92ed1c4d4f16916e05906b6b75a6c0fb5db821cc65e70cbd64a3e2a5eaae",
                "sha256:fc323ffcaeaed0e0a02bf4d117757b98aed530d9ed4531e3e15460124c106691"
            ],
            "markers": "python_version >= '2.7' and python_version not in '3.0, 3.1, 3.2, 3.3, 3.4'",
            "version": "==3.0.4"
        },
        "click": {
            "hashes": [
                "sha256:8c04c11192119b1ef78ea049e0a6f0463e4c48ef00a30160c704337586f3ad7a",
                "sha256:fba402a4a47334742d782209a7c79bc448911afe1149d07bdabdf480b3e2f4b6"
            ],
            "markers": "python_version >= '3.6'",
            "version": "==8.0.1"
        },
        "colorama": {
            "hashes": [
                "sha256:5941b2b48a20143d2267e95b1c2a7603ce057ee39fd88e7329b0c292aa16869b",
                "sha256:9f47eda37229f68eee03b24b9748937c7dc3868f906e8ba69fbcbdd3bc5dc3e2"
            ],
            "markers": "platform_system == 'Windows'",
            "version": "==0.4.4"
        },
        "flask": {
            "hashes": [
                "sha256:1c4c257b1892aec1398784c63791cbaa43062f1f7aeb555c4da961b20ee68f55",
                "sha256:a6209ca15eb63fc9385f38e452704113d679511d9574d09b2cf9183ae7d20dc9"
            ],
            "index": "pypi",
            "version": "==2.0.1"
        },
        "gevent": {
            "hashes": [
                "sha256:16574e4aa902ebc7bad564e25aa9740a82620fdeb61e0bbf5cbc32e84c13cb6a",
                "sha256:188c3c6da67e17ffa28f960fc80f8b7e4ba0f4efdc7519822c9d3a1784ca78ea",
                "sha256:1e5af63e452cc1758924528a2ba6d3e472f5338e1534b7233cd01d3429fc1082",
                "sha256:242e32cc011ad7127525ca9181aef3379ce4ad9c733aefe311ecf90248ad9a6f",
                "sha256:2a9ae0a0fd956cbbc9c326b8f290dcad2b58acfb2e2732855fe1155fb110a04d",
                "sha256:33741e3cd51b90483b14f73b6a3b32b779acf965aeb91d22770c0c8e0c937b73",
                "sha256:3694f393ab08372bd337b9bc8eebef3ccab3c1623ef94536762a1eee68821449",
                "sha256:464ec84001ba5108a9022aded4c5e69ea4d13ef11a2386d3ec37c1d08f3074c9",
                "sha256:520cc2a029a9eef436e4e56b007af7859315cafa21937d43c1d5269f12f2c981",
                "sha256:77b65a68c83e1c680f52dc39d5e5406763dd10a18ce08420665504b6f047962e",
                "sha256:7bdfee07be5eee4f687bf90c54c2a65c909bcf2b6c4878faee51218ffa5d5d3e",
                "sha256:969743debf89d6409423aaeae978437cc042247f91f5801e946a07a0a3b59148",
                "sha256:96f704561a9dd9a817c67f2e279e23bfad6166cf95d63d35c501317e17f68bcf",
                "sha256:9f99c3ec61daed54dc074fbcf1a86bcf795b9dfac2f6d4cdae6dfdb8a9125692",
                "sha256:a130a1885603eabd8cea11b3e1c3c7333d4341b537eca7f0c4794cb5c7120db1",
                "sha256:a54b9c7516c211045d7897a73a4ccdc116b3720c9ad3c591ef9592b735202a3b",
                "sha256:ac98570649d9c276e39501a1d1cbf6c652b78f57a0eb1445c5ff25ff80336b63",
                "sha256:afaeda9a7e8e93d0d86bf1d65affe912366294913fe43f0d107145dc32cd9545",
                "sha256:b6ffc1131e017aafa70d7ec19cc24010b19daa2f11d5dc2dc191a79c3c9ea147",
                "sha256:ba0c6ad94614e9af4240affbe1b4839c54da5a0a7e60806c6f7f69c1a7f5426e",
                "sha256:bdb3677e77ab4ebf20c4752ac49f3b1e47445678dd69f82f9905362c68196456",
                "sha256:c2c4326bb507754ef354635c05f560a217c171d80f26ca65bea81aa59b1ac179",
                "sha256:cfb2878c2ecf27baea436bb9c4d8ab8c2fa7763c3916386d5602992b6a056ff3",
                "sha256:e370e0a861db6f63c75e74b6ee56a40f5cdac90212ec404621445afa12bfc94b",
                "sha256:e8a5d9fcf5d031f2e4c499f5f4b53262face416e22e8769078354f641255a663",
                "sha256:ecff28416c99e0f73137f35849c3027cc3edde9dc13b7707825ebbf728623928",
                "sha256:f0498df97a303da77e180a9368c9228b0fc94d10dd2ce79fc5ebb63fec0d2fc9",
                "sha256:f91fd07b9cf642f24e58ed381e19ec33e28b8eee8726c19b026ea24fcc9ff897"
            ],
            "index": "pypi",
            "version": "==21.1.2"
        },
        "google-trans-new": {
            "hashes": [
                "sha256:796c20c73ad5f473f126f3b8cbdcaf3fa96e7eabef18e73aac9e4ccc68bb72ed",
                "sha256:9f6643420334cc1b94ebd84e03774736e76c0564208efb1bc9c5019b9820e19b"
            ],
            "index": "pypi",
            "version": "==1.1.9"
        },
        "greenlet": {
            "hashes": [
                "sha256:03f28a5ea20201e70ab70518d151116ce939b412961c33827519ce620957d44c",
                "sha256:06d7ac89e6094a0a8f8dc46aa61898e9e1aec79b0f8b47b2400dd51a44dbc832",
                "sha256:06ecb43b04480e6bafc45cb1b4b67c785e183ce12c079473359e04a709333b08",
                "sha256:096cb0217d1505826ba3d723e8981096f2622cde1eb91af9ed89a17c10aa1f3e",
                "sha256:0c557c809eeee215b87e8a7cbfb2d783fb5598a78342c29ade561440abae7d22",
                "sha256:0de64d419b1cb1bfd4ea544bedea4b535ef3ae1e150b0f2609da14bbf48a4a5f",
                "sha256:14927b15c953f8f2d2a8dffa224aa78d7759ef95284d4c39e1745cf36e8cdd2c",
                "sha256:16183fa53bc1a037c38d75fdc59d6208181fa28024a12a7f64bb0884434c91ea",
                "sha256:206295d270f702bc27dbdbd7651e8ebe42d319139e0d90217b2074309a200da8",
                "sha256:22002259e5b7828b05600a762579fa2f8b33373ad95a0ee57b4d6109d0e589ad",
                "sha256:2325123ff3a8ecc10ca76f062445efef13b6cf5a23389e2df3c02a4a527b89bc",
                "sha256:258f9612aba0d06785143ee1cbf2d7361801c95489c0bd10c69d163ec5254a16",
                "sha256:3096286a6072553b5dbd5efbefc22297e9d06a05ac14ba017233fedaed7584a8",
                "sha256:3d13da093d44dee7535b91049e44dd2b5540c2a0e15df168404d3dd2626e0ec5",
                "sha256:408071b64e52192869129a205e5b463abda36eff0cebb19d6e63369440e4dc99",
                "sha256:598bcfd841e0b1d88e32e6a5ea48348a2c726461b05ff057c1b8692be9443c6e",
                "sha256:5d928e2e3c3906e0a29b43dc26d9b3d6e36921eee276786c4e7ad9ff5665c78a",
                "sha256:5f75e7f237428755d00e7460239a2482fa7e3970db56c8935bd60da3f0733e56",
                "sha256:60848099b76467ef09b62b0f4512e7e6f0a2c977357a036de602b653667f5f4c",
                "sha256:6b1d08f2e7f2048d77343279c4d4faa7aef168b3e36039cba1917fffb781a8ed",
                "sha256:70bd1bb271e9429e2793902dfd194b653221904a07cbf207c3139e2672d17959",
                "sha256:76ed710b4e953fc31c663b079d317c18f40235ba2e3d55f70ff80794f7b57922",
                "sha256:7920e3eccd26b7f4c661b746002f5ec5f0928076bd738d38d894bb359ce51927",
                "sha256:7db68f15486d412b8e2cfcd584bf3b3a000911d25779d081cbbae76d71bd1a7e",
                "sha256:8833e27949ea32d27f7e96930fa29404dd4f2feb13cce483daf52e8842ec246a",
                "sha256:944fbdd540712d5377a8795c840a97ff71e7f3221d3fddc98769a15a87b36131",
                "sha256:9a6b035aa2c5fcf3dbbf0e3a8a5bc75286fc2d4e6f9cfa738788b433ec894919",
                "sha256:9bdcff4b9051fb1aa4bba4fceff6a5f770c6be436408efd99b76fc827f2a9319",
                "sha256:a9017ff5fc2522e45562882ff481128631bf35da444775bc2776ac5c61d8bcae",
                "sha256:aa4230234d02e6f32f189fd40b59d5a968fe77e80f59c9c933384fe8ba535535",
                "sha256:ad80bb338cf9f8129c049837a42a43451fc7c8b57ad56f8e6d32e7697b115505",
                "sha256:adb94a28225005890d4cf73648b5131e885c7b4b17bc762779f061844aabcc11",
                "sha256:b3090631fecdf7e983d183d0fad7ea72cfb12fa9212461a9b708ff7907ffff47",
                "sha256:b33b51ab057f8a20b497ffafdb1e79256db0c03ef4f5e3d52e7497200e11f821",
                "sha256:b97c9a144bbeec7039cca44df117efcbeed7209543f5695201cacf05ba3b5857",
                "sha256:be13a18cec649ebaab835dff269e914679ef329204704869f2f167b2c163a9da",
                "sha256:be9768e56f92d1d7cd94185bab5856f3c5589a50d221c166cc2ad5eb134bd1dc",
                "sha256:c1580087ab493c6b43e66f2bdd165d9e3c1e86ef83f6c2c44a29f2869d2c5bd5",
                "sha256:c35872b2916ab5a240d52a94314c963476c989814ba9b519bc842e5b61b464bb",
                "sha256:c70c7dd733a4c56838d1f1781e769081a25fade879510c5b5f0df76956abfa05",
                "sha256:c767458511a59f6f597bfb0032a1c82a52c29ae228c2c0a6865cfeaeaac4c5f5",
                "sha256:c87df8ae3f01ffb4483c796fe1b15232ce2b219f0b18126948616224d3f658ee",
                "sha256:ca1c4a569232c063615f9e70ff9a1e2fee8c66a6fb5caf0f5e8b21a396deec3e",
                "sha256:cc407b68e0a874e7ece60f6639df46309376882152345508be94da608cc0b831",
                "sha256:da862b8f7de577bc421323714f63276acb2f759ab8c5e33335509f0b89e06b8f",
                "sha256:dfe7eac0d253915116ed0cd160a15a88981a1d194c1ef151e862a5c7d2f853d3",
                "sha256:ed1377feed808c9c1139bdb6a61bcbf030c236dd288d6fca71ac26906ab03ba6",
                "sha256:f42ad188466d946f1b3afc0a9e1a266ac8926461ee0786c06baac6bd71f8a6f3",
                "sha256:f92731609d6625e1cc26ff5757db4d32b6b810d2a3363b0ff94ff573e5901f6f"
            ],
            "markers": "platform_python_implementation == 'CPython'",
            "version": "==1.1.0"
        },
        "idna": {
            "hashes": [
                "sha256:156a6814fb5ac1fc6850fb002e0852d56c0c8d2531923a51032d1b70760e186e",
                "sha256:684a38a6f903c1d71d6d5fac066b58d7768af4de2b832e426ec79c30daa94a16"
            ],
            "markers": "python_version >= '2.7' and python_version not in '3.0, 3.1, 3.2, 3.3'",
            "version": "==2.7"
        },
        "itsdangerous": {
            "hashes": [
                "sha256:5174094b9637652bdb841a3029700391451bd092ba3db90600dea710ba28e97c",
                "sha256:9e724d68fc22902a1435351f84c3fb8623f303fffcc566a4cb952df8c572cff0"
            ],
            "markers": "python_version >= '3.6'",
            "version": "==2.0.1"
        },
        "jinja2": {
            "hashes": [
                "sha256:1f06f2da51e7b56b8f238affdd6b4e2c61e39598a378cc49345bc1bd42a978a4",
                "sha256:703f484b47a6af502e743c9122595cc812b0271f661722403114f71a79d0f5a4"
            ],
            "markers": "python_version >= '3.6'",
            "version": "==3.0.1"
        },
        "markupsafe": {
            "hashes": [
                "sha256:01a9b8ea66f1658938f65b93a85ebe8bc016e6769611be228d797c9d998dd298",
                "sha256:023cb26ec21ece8dc3907c0e8320058b2e0cb3c55cf9564da612bc325bed5e64",
                "sha256:0446679737af14f45767963a1a9ef7620189912317d095f2d9ffa183a4d25d2b",
                "sha256:0717a7390a68be14b8c793ba258e075c6f4ca819f15edfc2a3a027c823718567",
                "sha256:0955295dd5eec6cb6cc2fe1698f4c6d84af2e92de33fbcac4111913cd100a6ff",
                "sha256:10f82115e21dc0dfec9ab5c0223652f7197feb168c940f3ef61563fc2d6beb74",
                "sha256:1d609f577dc6e1aa17d746f8bd3c31aa4d258f4070d61b2aa5c4166c1539de35",
                "sha256:2ef54abee730b502252bcdf31b10dacb0a416229b72c18b19e24a4509f273d26",
                "sha256:3c112550557578c26af18a1ccc9e090bfe03832ae994343cfdacd287db6a6ae7",
                "sha256:47ab1e7b91c098ab893b828deafa1203de86d0bc6ab587b160f78fe6c4011f75",
                "sha256:49e3ceeabbfb9d66c3aef5af3a60cc43b85c33df25ce03d0031a608b0a8b2e3f",
                "sha256:4efca8f86c54b22348a5467704e3fec767b2db12fc39c6d963168ab1d3fc9135",
                "sha256:53edb4da6925ad13c07b6d26c2a852bd81e364f95301c66e930ab2aef5b5ddd8",
                "sha256:594c67807fb16238b30c44bdf74f36c02cdf22d1c8cda91ef8a0ed8dabf5620a",
                "sha256:611d1ad9a4288cf3e3c16014564df047fe08410e628f89805e475368bd304914",
                "sha256:6557b31b5e2c9ddf0de32a691f2312a32f77cd7681d8af66c2692efdbef84c18",
                "sha256:693ce3f9e70a6cf7d2fb9e6c9d8b204b6b39897a2c4a1aa65728d5ac97dcc1d8",
                "sha256:6a7fae0dd14cf60ad5ff42baa2e95727c3d81ded453457771d02b7d2b3f9c0c2",
                "sha256:6c4ca60fa24e85fe25b912b01e62cb969d69a23a5d5867682dd3e80b5b02581d",
                "sha256:7d91275b0245b1da4d4cfa07e0faedd5b0812efc15b702576d103293e252af1b",
                "sha256:905fec760bd2fa1388bb5b489ee8ee5f7291d692638ea5f67982d968366bef9f",
                "sha256:97383d78eb34da7e1fa37dd273c20ad4320929af65d156e35a5e2d89566d9dfb",
                "sha256:984d76483eb32f1bcb536dc27e4ad56bba4baa70be32fa87152832cdd9db0833",
                "sha256:a30e67a65b53ea0a5e62fe23682cfe22712e01f453b95233b25502f7c61cb415",
                "sha256:ab3ef638ace319fa26553db0624c4699e31a28bb2a835c5faca8f8acf6a5a902",
                "sha256:b2f4bf27480f5e5e8ce285a8c8fd176c0b03e93dcc6646477d4630e83440c6a9",
                "sha256:b7f2d075102dc8c794cbde1947378051c4e5180d52d276987b8d28a3bd58c17d",
                "sha256:be98f628055368795d818ebf93da628541e10b75b41c559fdf36d104c5787066",
                "sha256:d7f9850398e85aba693bb640262d3611788b1f29a79f0c93c565694658f4071f",
                "sha256:f5653a225f31e113b152e56f154ccbe59eeb1c7487b39b9d9f9cdb58e6c79dc5",
                "sha256:f826e31d18b516f653fe296d967d700fddad5901ae07c622bb3705955e1faa94",
                "sha256:f8ba0e8349a38d3001fae7eadded3f6606f0da5d748ee53cc1dab1d6527b9509",
                "sha256:f9081981fe268bd86831e5c75f7de206ef275defcb82bc70740ae6dc507aee51",
                "sha256:fa130dd50c57d53368c9d59395cb5526eda596d3ffe36666cd81a44d56e48872"
            ],
            "markers": "python_version >= '3.6'",
            "version": "==2.0.1"
        },
        "marvel": {
            "hashes": [
                "sha256:39149db469a35dba8ad93b5f46ff64bc8c8714b681f0079cca015981d2eb4076",
                "sha256:fa3f8ded061a22b1ec7315efb1c7c432ba56557261d9add6889a488b0d767188"
            ],
            "index": "pypi",
            "version": "==0.1.0"
        },
        "pika": {
            "hashes": [
                "sha256:59da6701da1aeaf7e5e93bb521cc03129867f6e54b7dd352c4b3ecb2bd7ec624",
                "sha256:f023d6ac581086b124190cb3dc81dd581a149d216fa4540ac34f9be1e3970b89"
            ],
            "index": "pypi",
            "version": "==1.2.0"
        },
        "pycparser": {
            "hashes": [
                "sha256:2d475327684562c3a96cc71adf7dc8c4f0565175cf86b6d7a404ff4c771f15f0",
                "sha256:7582ad22678f0fcd81102833f60ef8d0e57288b6b5fb00323d101be910e35705"
            ],
            "markers": "python_version >= '2.7' and python_version not in '3.0, 3.1, 3.2, 3.3'",
            "version": "==2.20"
        },
        "pymongo": {
            "hashes": [
                "sha256:03be7ad107d252bb7325d4af6309fdd2c025d08854d35f0e7abc8bf048f4245e",
                "sha256:071552b065e809d24c5653fcc14968cfd6fde4e279408640d5ac58e3353a3c5f",
                "sha256:08b8723248730599c9803ae4c97b8f3f76c55219104303c88cb962a31e3bb5ee",
                "sha256:08bda7b2c522ff9f1e554570da16298271ebb0c56ab9699446aacba249008988",
                "sha256:0aaf4d44f1f819360f9432df538d54bbf850f18152f34e20337c01b828479171",
                "sha256:0cabfc297f4cf921f15bc789a8fbfd7115eb9f813d3f47a74b609894bc66ab0d",
                "sha256:13acf6164ead81c9fc2afa0e1ea6d6134352973ce2bb35496834fee057063c04",
                "sha256:15b083d1b789b230e5ac284442d9ecb113c93f3785a6824f748befaab803b812",
                "sha256:161fcd3281c42f644aa8dec7753cca2af03ce654e17d76da4f0dab34a12480ca",
                "sha256:1a994a42f49dab5b6287e499be7d3d2751776486229980d8857ad53b8333d469",
                "sha256:20d75ea11527331a2980ab04762a9d960bcfea9475c54bbeab777af880de61cd",
                "sha256:225c61e08fe517aede7912937939e09adf086c8e6f7e40d4c85ad678c2c2aea3",
                "sha256:3135dd574ef1286189f3f04a36c8b7a256376914f8cbbce66b94f13125ded858",
                "sha256:3491c7de09e44eded16824cb58cf9b5cc1dc6f066a0bb7aa69929d02aa53b828",
                "sha256:3551912f5c34d8dd7c32c6bb00ae04192af47f7b9f653608f107d19c1a21a194",
                "sha256:38a7b5140a48fc91681cdb5cb95b7cd64640b43d19259fdd707fa9d5a715f2b2",
                "sha256:3a3498a8326111221560e930f198b495ea6926937e249f475052ffc6893a6680",
                "sha256:3bfc7689a1bacb9bcd2f2d5185d99507aa29f667a58dd8adaa43b5a348139e46",
                "sha256:421d13523d11c57f57f257152bc4a6bb463aadf7a3918e9c96fefdd6be8dbfb8",
                "sha256:424799c71ff435094e5fb823c40eebb4500f0e048133311e9c026467e8ccebac",
                "sha256:474e21d0e07cd09679e357d1dac76e570dab86665e79a9d3354b10a279ac6fb3",
                "sha256:4c7e8c8e1e1918dcf6a652ac4b9d87164587c26fd2ce5dd81e73a5ab3b3d492f",
                "sha256:506a6dab4c7ffdcacdf0b8e70bd20eb2e77fa994519547c9d88d676400fcad58",
                "sha256:510cd3bfabb63a07405b7b79fae63127e34c118b7531a2cbbafc7a24fd878594",
                "sha256:517ba47ca04a55b1f50ee8df9fd97f6c37df5537d118fb2718952b8623860466",
                "sha256:539d4cb1b16b57026999c53e5aab857fe706e70ae5310cc8c232479923f932e6",
                "sha256:5c36428cc4f7fae56354db7f46677fd21222fc3cb1e8829549b851172033e043",
                "sha256:5db59223ed1e634d842a053325f85f908359c6dac9c8ddce8ef145061fae7df8",
                "sha256:5e606846c049ed40940524057bfdf1105af6066688c0e6a1a3ce2038589bae70",
                "sha256:6060794aac9f7b0644b299f46a9c6cbc0bc470bd01572f4134df140afd41ded6",
                "sha256:62c29bc36a6d9be68fe7b5aaf1e120b4aa66a958d1e146601fcd583eb12cae7b",
                "sha256:73326b211e7410c8bd6a74500b1e3f392f39cf10862e243d00937e924f112c01",
                "sha256:78f07961f4f214ea8e80be63cffd5cc158eb06cd922ffbf6c7155b11728f28f9",
                "sha256:7c97554ea521f898753d9773891d0347ebfaddcc1dee2ad94850b163171bf1f1",
                "sha256:8898f6699f740ca93a0879ed07d8e6db02d68af889d0ebb3d13ab017e6b1af1e",
                "sha256:8a41fdc751dc4707a4fafb111c442411816a7c225ebb5cadb57599534b5d5372",
                "sha256:8e0004b0393d72d76de94b4792a006cb960c1c65c7659930fbf9a81ce4341982",
                "sha256:977b1d4f868986b4ba5d03c317fde4d3b66e687d74473130cd598e3103db34fa",
                "sha256:9a4f6e0b01df820ba9ed0b4e618ca83a1c089e48d4f268d0e00dcd49893d4549",
                "sha256:9b9298964389c180a063a9e8bac8a80ed42de11d04166b20249bfa0a489e0e0f",
                "sha256:a08c8b322b671857c81f4c30cd3c8df2895fd3c0e9358714f39e0ef8fb327702",
                "sha256:ad31f184dcd3271de26ab1f9c51574afb99e1b0e484ab1da3641256b723e4994",
                "sha256:aff3656af2add93f290731a6b8930b23b35c0c09569150130a58192b3ec6fc61",
                "sha256:b2f41261b648cf5dee425f37ff14f4ad151c2f24b827052b402637158fd056ef",
                "sha256:b413117210fa6d92664c3d860571e8e8727c3e8f2ff197276c5d0cb365abd3ad",
                "sha256:b7efc7e7049ef366777cfd35437c18a4166bb50a5606a1c840ee3b9624b54fc9",
                "sha256:b8f94acd52e530a38f25e4d5bf7ddfdd4bea9193e718f58419def0d4406b58d3",
                "sha256:d0a70151d7de8a3194cdc906bcc1a42e14594787c64b0c1c9c975e5a2af3e251",
                "sha256:d360e5d5dd3d55bf5d1776964625018d85b937d1032bae1926dd52253decd0db",
                "sha256:d4e62417e89b717a7bcd8576ac3108cd063225942cc91c5b37ff5465fdccd386",
                "sha256:d65bac5f6724d9ea6f0b5a0f0e4952fbbf209adcf6b5583b54c54bd2fcd74dc0",
                "sha256:e02beaab433fd1104b2804f909e694cfbdb6578020740a9051597adc1cd4e19f",
                "sha256:e4b631688dfbdd61b5610e20b64b99d25771c6d52d9da73349342d2a0f11c46a",
                "sha256:e4e9db78b71db2b1684ee4ecc3e32c4600f18cdf76e6b9ae03e338e52ee4b168",
                "sha256:eb4d176394c37a76e8b0afe54b12d58614a67a60a7f8c0dd3a5afbb013c01092",
                "sha256:f08665d3cc5abc2f770f472a9b5f720a9b3ab0b8b3bb97c7c1487515e5653d39",
                "sha256:f3d851af3852f16ad4adc7ee054fd9c90a7a5063de94d815b7f6a88477b9f4c6",
                "sha256:f4ba58157e8ae33ee86fadf9062c506e535afd904f07f9be32731f4410a23b7f",
                "sha256:f664ed7613b8b18f0ce5696b146776266a038c19c5cd6efffa08ecc189b01b73",
                "sha256:f947b359cc4769af8b49be7e37af01f05fcf15b401da2528021148e4a54426d1",
                "sha256:fe4189846448df013cd9df11bba38ddf78043f8c290a9f06430732a7a8601cce",
                "sha256:fea5cb1c63efe1399f0812532c7cf65458d38fd011be350bc5021dfcac39fba8",
                "sha256:fedf0dee7a412ca6d1d6d92c158fe9cbaa8ea0cae90d268f9ccc0744de7a97d0",
                "sha256:fffff7bfb6799a763d3742c59c6ee7ffadda21abed557637bc44ed1080876484"
            ],
            "index": "pypi",
            "version": "==3.11.4"
        },
        "rapidfuzz": {
            "hashes": [
                "sha256:0ec346f271e96c485716c091c8b0b78ba52da33f7c6ebb52a349d64094566c2d",
                "sha256:1430dc745476e3798742ad835f61f6e6bf5d3e9a22cf9cd0288b28b7440a9872",
                "sha256:1897d2ef03f5b51bc19bdb2d0398ae968766750fa319843733f0a8f12ddde986",
                "sha256:1d20311da611c8f4638a09e2bc5e04b327bae010cb265ef9628d9c13c6d5da7b",
                "sha256:21300c4d048798985c271a8bf1ed1611902ebd4479fcacda1a3eaaebbad2f744",
                "sha256:2278001924031d9d75f821bff2c5fef565c8376f252562e04d8eec8857475c36",
                "sha256:26ac4bfe564c516e053fc055f1543d2b2433338806738c7582e1f75ed0485f7e",
                "sha256:26b7f48b3ddd9d97cf8482a88f0f6cba47ac13ff16e63386ea7ce06178174770",
                "sha256:27f9eef48e212d73e78f0f5ceedc62180b68f6a25fa0752d2ccfaedc3a840bec",
                "sha256:2963f356c70b710dc6337b012ec976ce2fc2b81c2a9918a686838fead6eb4e1d",
                "sha256:2cccc84e1f0c6217747c09cafe93164e57d3644e18a334845a2dfbdd2073cd2c",
                "sha256:31e99216e2a04aec4f281d472b28a683921f1f669a429cf605d11526623eaeed",
                "sha256:3b485c98ad1ce3c04556f65aaab5d6d6d72121cde656d43505169c71ae956476",
                "sha256:3c94b6d3513c693f253ff762112cc4580d3bd377e4abacb96af31a3d606fbe14",
                "sha256:4364db793ed4b439f9dd28a335bee14e2a828283d3b93c2d2686cc645eeafdd5",
                "sha256:4990698233e7eda7face7c09f5874a09760c7524686045cbb10317e3a7f3225f",
                "sha256:4fa195ea9ca35bacfa2a4319c6d4ab03aa6a283ad2089b70d2dfa0f6a7d9c1bc",
                "sha256:506d50a066451502ee2f8bf016bc3ba3e3b04eede7a4059d7956248e2dd96179",
                "sha256:5208ce1b1989a10e6fc5b5ef5d0bb7d1ffe5408838f3106abde241aff4dab08c",
                "sha256:56a67a5b3f783e9af73940f6945366408b3a2060fc6ab18466e5a2894fd85617",
                "sha256:59db06356eaf22c83f44b0dded964736cbb137291cdf2cf7b4974c0983b94932",
                "sha256:5fa8570720b0fdfc52f24f5663d66c52ea88ba19cb8b1ff6a39a8bc0b925b33b",
                "sha256:61167f989415e701ac379de247e6b0a21ea62afc86c54d8a79f485b4f0173c02",
                "sha256:62c1f4ac20c8019ce8d481fb27235306ef3912a8d0b9a60b17905699f43ff072",
                "sha256:645cfb9456229f0bd5752b3eda69f221d825fbb8cbb8855433516bc185111506",
                "sha256:6e336cfd8103b0b38e107e01502e9d6bf7c7f04e49b970fb11a4bf6c7a932b94",
                "sha256:72878878d6744883605b5453c382361716887e9e552f677922f76d93d622d8cb",
                "sha256:7d8c186e8270e103d339b26ef498581cf3178470ccf238dfd5fd0e47d80e4c7d",
                "sha256:80b375098658bb3db14215a975d354f6573d3943ac2ae0c4627c7760d57ce075",
                "sha256:8427310ea29ce2968e1c6f6779ae5a458b3a4984f9150fc4d16f92b96456f848",
                "sha256:8cb5c2502ff06028a1468bdf61323b53cc3a37f54b5d62d62c5371795b81086a",
                "sha256:9246b9c5c8992a83a08ac7813c8bbff2e674ad0b681f9b3fb1ec7641eff6c21f",
                "sha256:a87e212855b18a951e79ec71d71dbd856d98cd2019d0c2bd46ec30688a8aa68a",
                "sha256:a89d11f3b5da35fdf3e839186203b9367d56e2be792e8dccb098f47634ec6eb9",
                "sha256:ba8f7cbd8fdbd3ae115f4484888f3cb94bc2ac7cbd4eb1ca95a3d4f874261ff8",
                "sha256:bb16a10b40f5bd3c645f7748fbd36f49699a03f550c010a2c665905cc8937de8",
                "sha256:bdec9ae5fd8a8d4d8813b4aac3505c027b922b4033a32a7aab66a9b2f03a7b47",
                "sha256:bf18614f87fe3bfff783f0a3d0fad0eb59c92391e52555976e55570a651d2330",
                "sha256:c07f301fd549b266410654850c6918318d7dcde8201350e9ac0819f0542cf147",
                "sha256:c13cd1e840aa93639ac1d131fbfa740a609fd20dfc2a462d5cd7bce747a2398d",
                "sha256:c200bd813bbd3b146ba0fd284a9ad314bbad9d95ed542813273bdb9d0ee4e796",
                "sha256:c28be57c9bc47b3d7f484340fab1bec8ed4393dee1090892c2774a4584435eb8",
                "sha256:c43ddb354abd00e56f024ce80affb3023fa23206239bb81916d5877cba7f2d1e",
                "sha256:c798c5b87efe8a7e63f408e07ff3bc03ba8b94f4498a89b48eaab3a9f439d52c",
                "sha256:d2659967c6ac74211a87a1109e79253e4bc179641057c64800ef4e2dc0534fdb",
                "sha256:d7881965e428cf6fe248d6e702e6d5857da02278ab9b21313bee717c080e443e",
                "sha256:de20550178376d21bfe1b34a7dc42ab107bb282ef82069cf6dfe2805a0029e26",
                "sha256:e1fc4fd219057f5f1fa40bb9bc5e880f8ef45bf19350d4f5f15ca2ce7f61c99b",
                "sha256:ed708620b23a09ac52eaaec0761943c1bbc9a62d19ecd2feb4da8c3f79ef9d37",
                "sha256:f2033e3d61d1e498f618123b54dc7436d50510b0d18fd678d867720e8d7b2f23",
                "sha256:f22bf7ba6eddd59764457f74c637ab5c3ed976c5fcfaf827e1d320cc0478e12b",
                "sha256:f35c8a4c690447fd335bfd77df4da42dfea37cfa06a8ecbf22543d86dc720e12",
                "sha256:f37f80c1541d6e0a30547261900086b8c0bac519ebc12c9cd6b61a9a43a7e195",
                "sha256:f58c17f7a82b1bcc2ce304942cae14287223e6b6eead7071241273da7d9b9770",
                "sha256:f5d396b64f8ae3a793633911a1fb5d634ac25bf8f13d440139fa729131be42d8",
                "sha256:f76c965f15861ec4d39e904bd65b84a39121334439ac17bfb8b900d1e6779a93",
                "sha256:f8c79cd11b4778d387366a59aa747f5268433f9d68be37b00d16f4fb08fdf850",
                "sha256:f9f35df5dd9b02669ff6b1d4a386607ff56982c86a7e57d95eb08c6afbab4ddd",
                "sha256:fa4c8b6fc7e93e3a3fb9be9566f1fe7ef920735eadcee248a0d70f3ca8941341",
                "sha256:fc668fd706ad1162ce14f26ca2957b4690d47770d23609756536c918a855ced0",
                "sha256:fef95249af9a535854b617a68788c38cd96308d97ee14d44bc598cc73e986167"
            ],
            "index": "pypi",
            "version": "==1.4.1"
        },
        "requests": {
            "hashes": [
                "sha256:99dcfdaaeb17caf6e526f32b6a7b780461512ab3f1d992187801694cba42770c",
                "sha256:a84b8c9ab6239b578f22d1c21d51b696dcfe004032bb80ea832398d6909d7279"
            ],
            "index": "pypi",
            "version": "==2.20.0"
        },
        "urllib3": {
            "hashes": [
                "sha256:2393a695cd12afedd0dcb26fe5d50d0cf248e5a66f75dbd89a3d4eb333a61af4",
                "sha256:a637e5fae88995b256e3409dc4d52c2e2e0ba32c42a6365fee8bbd2238de3cfb"
            ],
            "markers": "python_version >= '2.7' and python_version not in '3.0, 3.1, 3.2, 3.3' and python_version < '4'",
            "version": "==1.24.3"
        },
        "werkzeug": {
            "hashes": [
                "sha256:1de1db30d010ff1af14a009224ec49ab2329ad2cde454c8a708130642d579c42",
                "sha256:6c1ec500dcdba0baa27600f6a22f6333d8b662d22027ff9f6202e3367413caa8"
            ],
            "markers": "python_version >= '3.6'",
            "version": "==2.0.1"
        },
        "zope.event": {
            "hashes": [
                "sha256:2666401939cdaa5f4e0c08cf7f20c9b21423b95e88f4675b1443973bdb080c42",
                "sha256:5e76517f5b9b119acf37ca8819781db6c16ea433f7e2062c4afc2b6fbedb1330"
            ],
            "version": "==4.5.0"
        },
        "zope.interface": {
            "hashes": [
                "sha256:08f9636e99a9d5410181ba0729e0408d3d8748026ea938f3b970a0249daa8192",
                "sha256:0b465ae0962d49c68aa9733ba92a001b2a0933c317780435f00be7ecb959c702",
                "sha256:0cba8477e300d64a11a9789ed40ee8932b59f9ee05f85276dbb4b59acee5dd09",
                "sha256:0cee5187b60ed26d56eb2960136288ce91bcf61e2a9405660d271d1f122a69a4",
                "sha256:0ea1d73b7c9dcbc5080bb8aaffb776f1c68e807767069b9ccdd06f27a161914a",
                "sha256:0f91b5b948686659a8e28b728ff5e74b1be6bf40cb04704453617e5f1e945ef3",
                "sha256:15e7d1f7a6ee16572e21e3576d2012b2778cbacf75eb4b7400be37455f5ca8bf",
                "sha256:17776ecd3a1fdd2b2cd5373e5ef8b307162f581c693575ec62e7c5399d80794c",
                "sha256:194d0bcb1374ac3e1e023961610dc8f2c78a0f5f634d0c737691e215569e640d",
                "sha256:1c0e316c9add0db48a5b703833881351444398b04111188069a26a61cfb4df78",
                "sha256:205e40ccde0f37496904572035deea747390a8b7dc65146d30b96e2dd1359a83",
                "sha256:273f158fabc5ea33cbc936da0ab3d4ba80ede5351babc4f577d768e057651531",
                "sha256:2876246527c91e101184f63ccd1d716ec9c46519cc5f3d5375a3351c46467c46",
                "sha256:2c98384b254b37ce50eddd55db8d381a5c53b4c10ee66e1e7fe749824f894021",
                "sha256:2e5a26f16503be6c826abca904e45f1a44ff275fdb7e9d1b75c10671c26f8b94",
                "sha256:334701327f37c47fa628fc8b8d28c7d7730ce7daaf4bda1efb741679c2b087fc",
                "sha256:3748fac0d0f6a304e674955ab1365d515993b3a0a865e16a11ec9d86fb307f63",
                "sha256:3c02411a3b62668200910090a0dff17c0b25aaa36145082a5a6adf08fa281e54",
                "sha256:3dd4952748521205697bc2802e4afac5ed4b02909bb799ba1fe239f77fd4e117",
                "sha256:3f24df7124c323fceb53ff6168da70dbfbae1442b4f3da439cd441681f54fe25",
                "sha256:469e2407e0fe9880ac690a3666f03eb4c3c444411a5a5fddfdabc5d184a79f05",
                "sha256:4de4bc9b6d35c5af65b454d3e9bc98c50eb3960d5a3762c9438df57427134b8e",
                "sha256:5208ebd5152e040640518a77827bdfcc73773a15a33d6644015b763b9c9febc1",
                "sha256:52de7fc6c21b419078008f697fd4103dbc763288b1406b4562554bd47514c004",
                "sha256:5bb3489b4558e49ad2c5118137cfeaf59434f9737fa9c5deefc72d22c23822e2",
                "sha256:5dba5f530fec3f0988d83b78cc591b58c0b6eb8431a85edd1569a0539a8a5a0e",
                "sha256:5dd9ca406499444f4c8299f803d4a14edf7890ecc595c8b1c7115c2342cadc5f",
                "sha256:5f931a1c21dfa7a9c573ec1f50a31135ccce84e32507c54e1ea404894c5eb96f",
                "sha256:63b82bb63de7c821428d513607e84c6d97d58afd1fe2eb645030bdc185440120",
                "sha256:66c0061c91b3b9cf542131148ef7ecbecb2690d48d1612ec386de9d36766058f",
                "sha256:6f0c02cbb9691b7c91d5009108f975f8ffeab5dff8f26d62e21c493060eff2a1",
                "sha256:71aace0c42d53abe6fc7f726c5d3b60d90f3c5c055a447950ad6ea9cec2e37d9",
                "sha256:7d97a4306898b05404a0dcdc32d9709b7d8832c0c542b861d9a826301719794e",
                "sha256:7df1e1c05304f26faa49fa752a8c690126cf98b40b91d54e6e9cc3b7d6ffe8b7",
                "sha256:8270252effc60b9642b423189a2fe90eb6b59e87cbee54549db3f5562ff8d1b8",
                "sha256:867a5ad16892bf20e6c4ea2aab1971f45645ff3102ad29bd84c86027fa99997b",
                "sha256:877473e675fdcc113c138813a5dd440da0769a2d81f4d86614e5d62b69497155",
                "sha256:8892f89999ffd992208754851e5a052f6b5db70a1e3f7d54b17c5211e37a98c7",
                "sha256:9a9845c4c6bb56e508651f005c4aeb0404e518c6f000d5a1123ab077ab769f5c",
                "sha256:a1e6e96217a0f72e2b8629e271e1b280c6fa3fe6e59fa8f6701bec14e3354325",
                "sha256:a8156e6a7f5e2a0ff0c5b21d6bcb45145efece1909efcbbbf48c56f8da68221d",
                "sha256:a9506a7e80bcf6eacfff7f804c0ad5350c8c95b9010e4356a4b36f5322f09abb",
                "sha256:af310ec8335016b5e52cae60cda4a4f2a60a788cbb949a4fbea13d441aa5a09e",
                "sha256:b0297b1e05fd128d26cc2460c810d42e205d16d76799526dfa8c8ccd50e74959",
                "sha256:bf68f4b2b6683e52bec69273562df15af352e5ed25d1b6641e7efddc5951d1a7",
                "sha256:d0c1bc2fa9a7285719e5678584f6b92572a5b639d0e471bb8d4b650a1a910920",
                "sha256:d4d9d6c1a455d4babd320203b918ccc7fcbefe308615c521062bc2ba1aa4d26e",
                "sha256:db1fa631737dab9fa0b37f3979d8d2631e348c3b4e8325d6873c2541d0ae5a48",
                "sha256:dd93ea5c0c7f3e25335ab7d22a507b1dc43976e1345508f845efc573d3d779d8",
                "sha256:f44e517131a98f7a76696a7b21b164bcb85291cee106a23beccce454e1f433a4",
                "sha256:f7ee479e96f7ee350db1cf24afa5685a5899e2b34992fb99e1f7c1b0b758d263"
            ],
            "markers": "python_version >= '2.7' and python_version not in '3.0, 3.1, 3.2, 3.3, 3.4'",
            "version": "==5.4.0"
        }
    },
    "develop": {}
}
